{
  "name": "stitches-zigzag",
  "version": "0.1.0",
  "lockfileVersion": 1,
  "requires": true,
  "dependencies": {
    "@stitches/core": {
      "version": "0.1.4",
      "resolved": "https://registry.npmjs.org/@stitches/core/-/core-0.1.4.tgz",
      "integrity": "sha512-jFZMpw6uD7BRvkPp3n0JsUlLO6d7oRwBgInEHDB1xlsRLqB4yaepyEyJ1CqMx8HidyW5QeLXH6IYPzERxCUM/Q==",
      "dev": true
    }
  }
}
